
Microsoft Visual Studio Solution File, Format Version 12.00
# Visual Studio Version 17
VisualStudioVersion = 17.14.36930.0
MinimumVisualStudioVersion = 10.0.40219.1
Project("{2150E333-8FDC-42A3-9474-1A3956D46DE8}") = "Source", "Source", "{B8EFCA5F-814F-285C-A8CB-F00F14650265}"
EndProject
Project("{2150E333-8FDC-42A3-9474-1A3956D46DE8}") = "Core", "Core", "{55418A49-9090-CAE5-2336-DB6E3B14E6F9}"
EndProject
Project("{FAE04EC0-301F-11D3-BF4B-00C04F79EFBC}") = "Gym.Core.Domain", "Gym.Core.Domain\Gym.Core.Domain.csproj", "{7725E4A5-80DD-4653-9179-E13647D9BB36}"
EndProject
Project("{FAE04EC0-301F-11D3-BF4B-00C04F79EFBC}") = "Gym.Core.Application", "Gym.Core.Application\Gym.Core.Application.csproj", "{4C735F9A-D5C7-413F-8177-AE889567B0A4}"
EndProject
Project("{2150E333-8FDC-42A3-9474-1A3956D46DE8}") = "Infrastructure", "Infrastructure", "{CC77E06B-3944-BD4E-1143-D9E0831960C5}"
EndProject
Project("{FAE04EC0-301F-11D3-BF4B-00C04F79EFBC}") = "Gym.Infrastructure.Identity", "Gym.Infrastructure.Identity\Gym.Infrastructure.Identity.csproj", "{5BA6A126-29C9-42F9-AA99-E4ED38C2403B}"
EndProject
Project("{FAE04EC0-301F-11D3-BF4B-00C04F79EFBC}") = "Gym.Infrastructure.Persistence", "Gym.Infrastructure.Persistence\Gym.Infrastructure.Persistence.csproj", "{7B126DD4-BBF1-47B2-B859-1DD3D87F4A1C}"
EndProject
Project("{FAE04EC0-301F-11D3-BF4B-00C04F79EFBC}") = "Gym.Infrastructure.Shared", "Gym.Infrastructure.Shared\Gym.Infrastructure.Shared.csproj", "{BEB67FA6-5972-403C-B1C6-A0087398A728}"
EndProject
Project("{2150E333-8FDC-42A3-9474-1A3956D46DE8}") = "IOC", "IOC", "{80ED4D2C-D73A-6E18-7D24-63811128E141}"
EndProject
Project("{FAE04EC0-301F-11D3-BF4B-00C04F79EFBC}") = "Gym.IoC", "Gym.IoC\Gym.IoC.csproj", "{1EBD3833-76CC-4B0F-BF33-604B6AFC3805}"
EndProject
Project("{2150E333-8FDC-42A3-9474-1A3956D46DE8}") = "Presentation", "Presentation", "{4099C67F-8F07-C005-922D-FD49B02B3456}"
EndProject
Project("{FAE04EC0-301F-11D3-BF4B-00C04F79EFBC}") = "Gym.UI", "Gym.UI\Gym.UI.csproj", "{08E9BC84-E9B8-464F-9045-EF9FE323AC32}"
EndProject
Global
	GlobalSection(SolutionConfigurationPlatforms) = preSolution
		Debug|Any CPU = Debug|Any CPU
		Debug|x64 = Debug|x64
		Debug|x86 = Debug|x86
		Release|Any CPU = Release|Any CPU
		Release|x64 = Release|x64
		Release|x86 = Release|x86
	EndGlobalSection
	GlobalSection(ProjectConfigurationPlatforms) = postSolution
		{7725E4A5-80DD-4653-9179-E13647D9BB36}.Debug|Any CPU.ActiveCfg = Debug|Any CPU
		{7725E4A5-80DD-4653-9179-E13647D9BB36}.Debug|Any CPU.Build.0 = Debug|Any CPU
		{7725E4A5-80DD-4653-9179-E13647D9BB36}.Debug|x64.ActiveCfg = Debug|Any CPU
		{7725E4A5-80DD-4653-9179-E13647D9BB36}.Debug|x64.Build.0 = Debug|Any CPU
		{7725E4A5-80DD-4653-9179-E13647D9BB36}.Debug|x86.ActiveCfg = Debug|Any CPU
		{7725E4A5-80DD-4653-9179-E13647D9BB36}.Debug|x86.Build.0 = Debug|Any CPU
		{7725E4A5-80DD-4653-9179-E13647D9BB36}.Release|Any CPU.ActiveCfg = Release|Any CPU
		{7725E4A5-80DD-4653-9179-E13647D9BB36}.Release|Any CPU.Build.0 = Release|Any CPU
		{7725E4A5-80DD-4653-9179-E13647D9BB36}.Release|x64.ActiveCfg = Release|Any CPU
		{7725E4A5-80DD-4653-9179-E13647D9BB36}.Release|x64.Build.0 = Release|Any CPU
		{7725E4A5-80DD-4653-9179-E13647D9BB36}.Release|x86.ActiveCfg = Release|Any CPU
		{7725E4A5-80DD-4653-9179-E13647D9BB36}.Release|x86.Build.0 = Release|Any CPU
		{4C735F9A-D5C7-413F-8177-AE889567B0A4}.Debug|Any CPU.ActiveCfg = Debug|Any CPU
		{4C735F9A-D5C7-413F-8177-AE889567B0A4}.Debug|Any CPU.Build.0 = Debug|Any CPU
		{4C735F9A-D5C7-413F-8177-AE889567B0A4}.Debug|x64.ActiveCfg = Debug|Any CPU
		{4C735F9A-D5C7-413F-8177-AE889567B0A4}.Debug|x64.Build.0 = Debug|Any CPU
		{4C735F9A-D5C7-413F-8177-AE889567B0A4}.Debug|x86.ActiveCfg = Debug|Any CPU
		{4C735F9A-D5C7-413F-8177-AE889567B0A4}.Debug|x86.Build.0 = Debug|Any CPU
		{4C735F9A-D5C7-413F-8177-AE889567B0A4}.Release|Any CPU.ActiveCfg = Release|Any CPU
		{4C735F9A-D5C7-413F-8177-AE889567B0A4}.Release|Any CPU.Build.0 = Release|Any CPU
		{4C735F9A-D5C7-413F-8177-AE889567B0A4}.Release|x64.ActiveCfg = Release|Any CPU
		{4C735F9A-D5C7-413F-8177-AE889567B0A4}.Release|x64.Build.0 = Release|Any CPU
		{4C735F9A-D5C7-413F-8177-AE889567B0A4}.Release|x86.ActiveCfg = Release|Any CPU
		{4C735F9A-D5C7-413F-8177-AE889567B0A4}.Release|x86.Build.0 = Release|Any CPU
		{5BA6A126-29C9-42F9-AA99-E4ED38C2403B}.Debug|Any CPU.ActiveCfg = Debug|Any CPU
		{5BA6A126-29C9-42F9-AA99-E4ED38C2403B}.Debug|Any CPU.Build.0 = Debug|Any CPU
		{5BA6A126-29C9-42F9-AA99-E4ED38C2403B}.Debug|x64.ActiveCfg = Debug|Any CPU
		{5BA6A126-29C9-42F9-AA99-E4ED38C2403B}.Debug|x64.Build.0 = Debug|Any CPU
		{5BA6A126-29C9-42F9-AA99-E4ED38C2403B}.Debug|x86.ActiveCfg = Debug|Any CPU
		{5BA6A126-29C9-42F9-AA99-E4ED38C2403B}.Debug|x86.Build.0 = Debug|Any CPU
		{5BA6A126-29C9-42F9-AA99-E4ED38C2403B}.Release|Any CPU.ActiveCfg = Release|Any CPU
		{5BA6A126-29C9-42F9-AA99-E4ED38C2403B}.Release|Any CPU.Build.0 = Release|Any CPU
		{5BA6A126-29C9-42F9-AA99-E4ED38C2403B}.Release|x64.ActiveCfg = Release|Any CPU
		{5BA6A126-29C9-42F9-AA99-E4ED38C2403B}.Release|x64.Build.0 = Release|Any CPU
		{5BA6A126-29C9-42F9-AA99-E4ED38C2403B}.Release|x86.ActiveCfg = Release|Any CPU
		{5BA6A126-29C9-42F9-AA99-E4ED38C2403B}.Release|x86.Build.0 = Release|Any CPU
		{7B126DD4-BBF1-47B2-B859-1DD3D87F4A1C}.Debug|Any CPU.ActiveCfg = Debug|Any CPU
		{7B126DD4-BBF1-47B2-B859-1DD3D87F4A1C}.Debug|Any CPU.Build.0 = Debug|Any CPU
		{7B126DD4-BBF1-47B2-B859-1DD3D87F4A1C}.Debug|x64.ActiveCfg = Debug|Any CPU
		{7B126DD4-BBF1-47B2-B859-1DD3D87F4A1C}.Debug|x64.Build.0 = Debug|Any CPU
		{7B126DD4-BBF1-47B2-B859-1DD3D87F4A1C}.Debug|x86.ActiveCfg = Debug|Any CPU
		{7B126DD4-BBF1-47B2-B859-1DD3D87F4A1C}.Debug|x86.Build.0 = Debug|Any CPU
		{7B126DD4-BBF1-47B2-B859-1DD3D87F4A1C}.Release|Any CPU.ActiveCfg = Release|Any CPU
		{7B126DD4-BBF1-47B2-B859-1DD3D87F4A1C}.Release|Any CPU.Build.0 = Release|Any CPU
		{7B126DD4-BBF1-47B2-B859-1DD3D87F4A1C}.Release|x64.ActiveCfg = Release|Any CPU
		{7B126DD4-BBF1-47B2-B859-1DD3D87F4A1C}.Release|x64.Build.0 = Release|Any CPU
		{7B126DD4-BBF1-47B2-B859-1DD3D87F4A1C}.Release|x86.ActiveCfg = Release|Any CPU
		{7B126DD4-BBF1-47B2-B859-1DD3D87F4A1C}.Release|x86.Build.0 = Release|Any CPU
		{BEB67FA6-5972-403C-B1C6-A0087398A728}.Debug|Any CPU.ActiveCfg = Debug|Any CPU
		{BEB67FA6-5972-403C-B1C6-A0087398A728}.Debug|Any CPU.Build.0 = Debug|Any CPU
		{BEB67FA6-5972-403C-B1C6-A0087398A728}.Debug|x64.ActiveCfg = Debug|Any CPU
		{BEB67FA6-5972-403C-B1C6-A0087398A728}.Debug|x64.Build.0 = Debug|Any CPU
		{BEB67FA6-5972-403C-B1C6-A0087398A728}.Debug|x86.ActiveCfg = Debug|Any CPU
		{BEB67FA6-5972-403C-B1C6-A0087398A728}.Debug|x86.Build.0 = Debug|Any CPU
		{BEB67FA6-5972-403C-B1C6-A0087398A728}.Release|Any CPU.ActiveCfg = Release|Any CPU
		{BEB67FA6-5972-403C-B1C6-A0087398A728}.Release|Any CPU.Build.0 = Release|Any CPU
		{BEB67FA6-5972-403C-B1C6-A0087398A728}.Release|x64.ActiveCfg = Release|Any CPU
		{BEB67FA6-5972-403C-B1C6-A0087398A728}.Release|x64.Build.0 = Release|Any CPU
		{BEB67FA6-5972-403C-B1C6-A0087398A728}.Release|x86.ActiveCfg = Release|Any CPU
		{BEB67FA6-5972-403C-B1C6-A0087398A728}.Release|x86.Build.0 = Release|Any CPU
		{1EBD3833-76CC-4B0F-BF33-604B6AFC3805}.Debug|Any CPU.ActiveCfg = Debug|Any CPU
		{1EBD3833-76CC-4B0F-BF33-604B6AFC3805}.Debug|Any CPU.Build.0 = Debug|Any CPU
		{1EBD3833-76CC-4B0F-BF33-604B6AFC3805}.Debug|x64.ActiveCfg = Debug|Any CPU
		{1EBD3833-76CC-4B0F-BF33-604B6AFC3805}.Debug|x64.Build.0 = Debug|Any CPU
		{1EBD3833-76CC-4B0F-BF33-604B6AFC3805}.Debug|x86.ActiveCfg = Debug|Any CPU
		{1EBD3833-76CC-4B0F-BF33-604B6AFC3805}.Debug|x86.Build.0 = Debug|Any CPU
		{1EBD3833-76CC-4B0F-BF33-604B6AFC3805}.Release|Any CPU.ActiveCfg = Release|Any CPU
		{1EBD3833-76CC-4B0F-BF33-604B6AFC3805}.Release|Any CPU.Build.0 = Release|Any CPU
		{1EBD3833-76CC-4B0F-BF33-604B6AFC3805}.Release|x64.ActiveCfg = Release|Any CPU
		{1EBD3833-76CC-4B0F-BF33-604B6AFC3805}.Release|x64.Build.0 = Release|Any CPU
		{1EBD3833-76CC-4B0F-BF33-604B6AFC3805}.Release|x86.ActiveCfg = Release|Any CPU
		{1EBD3833-76CC-4B0F-BF33-604B6AFC3805}.Release|x86.Build.0 = Release|Any CPU
		{08E9BC84-E9B8-464F-9045-EF9FE323AC32}.Debug|Any CPU.ActiveCfg = Debug|Any CPU
		{08E9BC84-E9B8-464F-9045-EF9FE323AC32}.Debug|Any CPU.Build.0 = Debug|Any CPU
		{08E9BC84-E9B8-464F-9045-EF9FE323AC32}.Debug|x64.ActiveCfg = Debug|Any CPU
		{08E9BC84-E9B8-464F-9045-EF9FE323AC32}.Debug|x64.Build.0 = Debug|Any CPU
		{08E9BC84-E9B8-464F-9045-EF9FE323AC32}.Debug|x86.ActiveCfg = Debug|Any CPU
		{08E9BC84-E9B8-464F-9045-EF9FE323AC32}.Debug|x86.Build.0 = Debug|Any CPU
		{08E9BC84-E9B8-464F-9045-EF9FE323AC32}.Release|Any CPU.ActiveCfg = Release|Any CPU
		{08E9BC84-E9B8-464F-9045-EF9FE323AC32}.Release|Any CPU.Build.0 = Release|Any CPU
		{08E9BC84-E9B8-464F-9045-EF9FE323AC32}.Release|x64.ActiveCfg = Release|Any CPU
		{08E9BC84-E9B8-464F-9045-EF9FE323AC32}.Release|x64.Build.0 = Release|Any CPU
		{08E9BC84-E9B8-464F-9045-EF9FE323AC32}.Release|x86.ActiveCfg = Release|Any CPU
		{08E9BC84-E9B8-464F-9045-EF9FE323AC32}.Release|x86.Build.0 = Release|Any CPU
	EndGlobalSection
	GlobalSection(SolutionProperties) = preSolution
		HideSolutionNode = FALSE
	EndGlobalSection
	GlobalSection(NestedProjects) = preSolution
		{55418A49-9090-CAE5-2336-DB6E3B14E6F9} = {B8EFCA5F-814F-285C-A8CB-F00F14650265}
		{7725E4A5-80DD-4653-9179-E13647D9BB36} = {55418A49-9090-CAE5-2336-DB6E3B14E6F9}
		{4C735F9A-D5C7-413F-8177-AE889567B0A4} = {55418A49-9090-CAE5-2336-DB6E3B14E6F9}
		{CC77E06B-3944-BD4E-1143-D9E0831960C5} = {B8EFCA5F-814F-285C-A8CB-F00F14650265}
		{5BA6A126-29C9-42F9-AA99-E4ED38C2403B} = {CC77E06B-3944-BD4E-1143-D9E0831960C5}
		{7B126DD4-BBF1-47B2-B859-1DD3D87F4A1C} = {CC77E06B-3944-BD4E-1143-D9E0831960C5}
		{BEB67FA6-5972-403C-B1C6-A0087398A728} = {CC77E06B-3944-BD4E-1143-D9E0831960C5}
		{80ED4D2C-D73A-6E18-7D24-63811128E141} = {B8EFCA5F-814F-285C-A8CB-F00F14650265}
		{1EBD3833-76CC-4B0F-BF33-604B6AFC3805} = {80ED4D2C-D73A-6E18-7D24-63811128E141}
		{4099C67F-8F07-C005-922D-FD49B02B3456} = {B8EFCA5F-814F-285C-A8CB-F00F14650265}
		{08E9BC84-E9B8-464F-9045-EF9FE323AC32} = {4099C67F-8F07-C005-922D-FD49B02B3456}
	EndGlobalSection
	GlobalSection(ExtensibilityGlobals) = postSolution
		SolutionGuid = {D5FDAA12-7035-492E-B7DE-C61417F98332}
	EndGlobalSection
EndGlobal
