
Microsoft Visual Studio Solution File, Format Version 12.00
# Visual Studio Version 17
VisualStudioVersion = 17.14.36930.0
MinimumVisualStudioVersion = 10.0.40219.1
Project("{FAE04EC0-301F-11D3-BF4B-00C04F79EFBC}") = "Gym.Data", "Gym.Data\Gym.Data.csproj", "{CC20E0CC-0EDC-4C7A-87A8-30BCF7D634D5}"
EndProject
Project("{FAE04EC0-301F-11D3-BF4B-00C04F79EFBC}") = "Gym.Business", "Gym.Business\Gym.Business.csproj", "{24DEE2F6-7A95-4F1D-A874-72DC0EC0A77C}"
EndProject
Project("{FAE04EC0-301F-11D3-BF4B-00C04F79EFBC}") = "Gym.UI", "Gym.UI\Gym.UI.csproj", "{4F398B45-0A76-4F53-BF4D-C87F4902AFF3}"
EndProject
Project("{FAE04EC0-301F-11D3-BF4B-00C04F79EFBC}") = "Gym.Entities", "Gym.Entitites\Gym.Entities.csproj", "{E4E0AD8C-87A2-4BEC-91CE-A142DF932DD9}"
EndProject
Project("{FAE04EC0-301F-11D3-BF4B-00C04F79EFBC}") = "Gym.Core.Domain", "Gym.Core.Domain\Gym.Core.Domain.csproj", "{BB1B18B1-B8F6-48EA-97D0-2857310BAE45}"
EndProject
Project("{FAE04EC0-301F-11D3-BF4B-00C04F79EFBC}") = "Gym.Core.Application", "Gym.Core.Application\Gym.Core.Application.csproj", "{3D40275B-B4A0-45B1-9A83-77BA224AF00B}"
EndProject
Project("{FAE04EC0-301F-11D3-BF4B-00C04F79EFBC}") = "Gym.Infrastructure.Persistence", "Gym.Infrastructure.Persistence\Gym.Infrastructure.Persistence.csproj", "{25439980-50D6-4BAA-8C16-2315992955E3}"
EndProject
Project("{FAE04EC0-301F-11D3-BF4B-00C04F79EFBC}") = "Gym.Infrastructure.Identity", "Gym.Infrastructure.Identity\Gym.Infrastructure.Identity.csproj", "{100E7656-4BFA-416A-B09B-20E6423481CA}"
EndProject
Project("{FAE04EC0-301F-11D3-BF4B-00C04F79EFBC}") = "Gym.Infrastructure.Shared", "Gym.Infrastructure.Shared\Gym.Infrastructure.Shared.csproj", "{C12E1A3D-302A-4DDC-8511-976ABED4057A}"
EndProject
Project("{FAE04EC0-301F-11D3-BF4B-00C04F79EFBC}") = "Gym.IoC", "Gym.IoC\Gym.IoC.csproj", "{7CAA4186-8E68-416C-8BD6-BC3A60144D12}"
EndProject
Global
	GlobalSection(SolutionConfigurationPlatforms) = preSolution
		Debug|Any CPU = Debug|Any CPU
		Debug|x64 = Debug|x64
		Debug|x86 = Debug|x86
		Release|Any CPU = Release|Any CPU
		Release|x64 = Release|x64
		Release|x86 = Release|x86
	EndGlobalSection
	GlobalSection(ProjectConfigurationPlatforms) = postSolution
		{CC20E0CC-0EDC-4C7A-87A8-30BCF7D634D5}.Debug|Any CPU.ActiveCfg = Debug|Any CPU
		{CC20E0CC-0EDC-4C7A-87A8-30BCF7D634D5}.Debug|Any CPU.Build.0 = Debug|Any CPU
		{CC20E0CC-0EDC-4C7A-87A8-30BCF7D634D5}.Debug|x64.ActiveCfg = Debug|Any CPU
		{CC20E0CC-0EDC-4C7A-87A8-30BCF7D634D5}.Debug|x64.Build.0 = Debug|Any CPU
		{CC20E0CC-0EDC-4C7A-87A8-30BCF7D634D5}.Debug|x86.ActiveCfg = Debug|Any CPU
		{CC20E0CC-0EDC-4C7A-87A8-30BCF7D634D5}.Debug|x86.Build.0 = Debug|Any CPU
		{CC20E0CC-0EDC-4C7A-87A8-30BCF7D634D5}.Release|Any CPU.ActiveCfg = Release|Any CPU
		{CC20E0CC-0EDC-4C7A-87A8-30BCF7D634D5}.Release|Any CPU.Build.0 = Release|Any CPU
		{CC20E0CC-0EDC-4C7A-87A8-30BCF7D634D5}.Release|x64.ActiveCfg = Release|Any CPU
		{CC20E0CC-0EDC-4C7A-87A8-30BCF7D634D5}.Release|x64.Build.0 = Release|Any CPU
		{CC20E0CC-0EDC-4C7A-87A8-30BCF7D634D5}.Release|x86.ActiveCfg = Release|Any CPU
		{CC20E0CC-0EDC-4C7A-87A8-30BCF7D634D5}.Release|x86.Build.0 = Release|Any CPU
		{24DEE2F6-7A95-4F1D-A874-72DC0EC0A77C}.Debug|Any CPU.ActiveCfg = Debug|Any CPU
		{24DEE2F6-7A95-4F1D-A874-72DC0EC0A77C}.Debug|Any CPU.Build.0 = Debug|Any CPU
		{24DEE2F6-7A95-4F1D-A874-72DC0EC0A77C}.Debug|x64.ActiveCfg = Debug|Any CPU
		{24DEE2F6-7A95-4F1D-A874-72DC0EC0A77C}.Debug|x64.Build.0 = Debug|Any CPU
		{24DEE2F6-7A95-4F1D-A874-72DC0EC0A77C}.Debug|x86.ActiveCfg = Debug|Any CPU
		{24DEE2F6-7A95-4F1D-A874-72DC0EC0A77C}.Debug|x86.Build.0 = Debug|Any CPU
		{24DEE2F6-7A95-4F1D-A874-72DC0EC0A77C}.Release|Any CPU.ActiveCfg = Release|Any CPU
		{24DEE2F6-7A95-4F1D-A874-72DC0EC0A77C}.Release|Any CPU.Build.0 = Release|Any CPU
		{24DEE2F6-7A95-4F1D-A874-72DC0EC0A77C}.Release|x64.ActiveCfg = Release|Any CPU
		{24DEE2F6-7A95-4F1D-A874-72DC0EC0A77C}.Release|x64.Build.0 = Release|Any CPU
		{24DEE2F6-7A95-4F1D-A874-72DC0EC0A77C}.Release|x86.ActiveCfg = Release|Any CPU
		{24DEE2F6-7A95-4F1D-A874-72DC0EC0A77C}.Release|x86.Build.0 = Release|Any CPU
		{4F398B45-0A76-4F53-BF4D-C87F4902AFF3}.Debug|Any CPU.ActiveCfg = Debug|Any CPU
		{4F398B45-0A76-4F53-BF4D-C87F4902AFF3}.Debug|Any CPU.Build.0 = Debug|Any CPU
		{4F398B45-0A76-4F53-BF4D-C87F4902AFF3}.Debug|x64.ActiveCfg = Debug|Any CPU
		{4F398B45-0A76-4F53-BF4D-C87F4902AFF3}.Debug|x64.Build.0 = Debug|Any CPU
		{4F398B45-0A76-4F53-BF4D-C87F4902AFF3}.Debug|x86.ActiveCfg = Debug|Any CPU
		{4F398B45-0A76-4F53-BF4D-C87F4902AFF3}.Debug|x86.Build.0 = Debug|Any CPU
		{4F398B45-0A76-4F53-BF4D-C87F4902AFF3}.Release|Any CPU.ActiveCfg = Release|Any CPU
		{4F398B45-0A76-4F53-BF4D-C87F4902AFF3}.Release|Any CPU.Build.0 = Release|Any CPU
		{4F398B45-0A76-4F53-BF4D-C87F4902AFF3}.Release|x64.ActiveCfg = Release|Any CPU
		{4F398B45-0A76-4F53-BF4D-C87F4902AFF3}.Release|x64.Build.0 = Release|Any CPU
		{4F398B45-0A76-4F53-BF4D-C87F4902AFF3}.Release|x86.ActiveCfg = Release|Any CPU
		{4F398B45-0A76-4F53-BF4D-C87F4902AFF3}.Release|x86.Build.0 = Release|Any CPU
		{E4E0AD8C-87A2-4BEC-91CE-A142DF932DD9}.Debug|Any CPU.ActiveCfg = Debug|Any CPU
		{E4E0AD8C-87A2-4BEC-91CE-A142DF932DD9}.Debug|Any CPU.Build.0 = Debug|Any CPU
		{E4E0AD8C-87A2-4BEC-91CE-A142DF932DD9}.Debug|x64.ActiveCfg = Debug|Any CPU
		{E4E0AD8C-87A2-4BEC-91CE-A142DF932DD9}.Debug|x64.Build.0 = Debug|Any CPU
		{E4E0AD8C-87A2-4BEC-91CE-A142DF932DD9}.Debug|x86.ActiveCfg = Debug|Any CPU
		{E4E0AD8C-87A2-4BEC-91CE-A142DF932DD9}.Debug|x86.Build.0 = Debug|Any CPU
		{E4E0AD8C-87A2-4BEC-91CE-A142DF932DD9}.Release|Any CPU.ActiveCfg = Release|Any CPU
		{E4E0AD8C-87A2-4BEC-91CE-A142DF932DD9}.Release|Any CPU.Build.0 = Release|Any CPU
		{E4E0AD8C-87A2-4BEC-91CE-A142DF932DD9}.Release|x64.ActiveCfg = Release|Any CPU
		{E4E0AD8C-87A2-4BEC-91CE-A142DF932DD9}.Release|x64.Build.0 = Release|Any CPU
		{E4E0AD8C-87A2-4BEC-91CE-A142DF932DD9}.Release|x86.ActiveCfg = Release|Any CPU
		{E4E0AD8C-87A2-4BEC-91CE-A142DF932DD9}.Release|x86.Build.0 = Release|Any CPU
		{BB1B18B1-B8F6-48EA-97D0-2857310BAE45}.Debug|Any CPU.ActiveCfg = Debug|Any CPU
		{BB1B18B1-B8F6-48EA-97D0-2857310BAE45}.Debug|Any CPU.Build.0 = Debug|Any CPU
		{BB1B18B1-B8F6-48EA-97D0-2857310BAE45}.Debug|x64.ActiveCfg = Debug|Any CPU
		{BB1B18B1-B8F6-48EA-97D0-2857310BAE45}.Debug|x64.Build.0 = Debug|Any CPU
		{BB1B18B1-B8F6-48EA-97D0-2857310BAE45}.Debug|x86.ActiveCfg = Debug|Any CPU
		{BB1B18B1-B8F6-48EA-97D0-2857310BAE45}.Debug|x86.Build.0 = Debug|Any CPU
		{BB1B18B1-B8F6-48EA-97D0-2857310BAE45}.Release|Any CPU.ActiveCfg = Release|Any CPU
		{BB1B18B1-B8F6-48EA-97D0-2857310BAE45}.Release|Any CPU.Build.0 = Release|Any CPU
		{BB1B18B1-B8F6-48EA-97D0-2857310BAE45}.Release|x64.ActiveCfg = Release|Any CPU
		{BB1B18B1-B8F6-48EA-97D0-2857310BAE45}.Release|x64.Build.0 = Release|Any CPU
		{BB1B18B1-B8F6-48EA-97D0-2857310BAE45}.Release|x86.ActiveCfg = Release|Any CPU
		{BB1B18B1-B8F6-48EA-97D0-2857310BAE45}.Release|x86.Build.0 = Release|Any CPU
		{3D40275B-B4A0-45B1-9A83-77BA224AF00B}.Debug|Any CPU.ActiveCfg = Debug|Any CPU
		{3D40275B-B4A0-45B1-9A83-77BA224AF00B}.Debug|Any CPU.Build.0 = Debug|Any CPU
		{3D40275B-B4A0-45B1-9A83-77BA224AF00B}.Debug|x64.ActiveCfg = Debug|Any CPU
		{3D40275B-B4A0-45B1-9A83-77BA224AF00B}.Debug|x64.Build.0 = Debug|Any CPU
		{3D40275B-B4A0-45B1-9A83-77BA224AF00B}.Debug|x86.ActiveCfg = Debug|Any CPU
		{3D40275B-B4A0-45B1-9A83-77BA224AF00B}.Debug|x86.Build.0 = Debug|Any CPU
		{3D40275B-B4A0-45B1-9A83-77BA224AF00B}.Release|Any CPU.ActiveCfg = Release|Any CPU
		{3D40275B-B4A0-45B1-9A83-77BA224AF00B}.Release|Any CPU.Build.0 = Release|Any CPU
		{3D40275B-B4A0-45B1-9A83-77BA224AF00B}.Release|x64.ActiveCfg = Release|Any CPU
		{3D40275B-B4A0-45B1-9A83-77BA224AF00B}.Release|x64.Build.0 = Release|Any CPU
		{3D40275B-B4A0-45B1-9A83-77BA224AF00B}.Release|x86.ActiveCfg = Release|Any CPU
		{3D40275B-B4A0-45B1-9A83-77BA224AF00B}.Release|x86.Build.0 = Release|Any CPU
		{25439980-50D6-4BAA-8C16-2315992955E3}.Debug|Any CPU.ActiveCfg = Debug|Any CPU
		{25439980-50D6-4BAA-8C16-2315992955E3}.Debug|Any CPU.Build.0 = Debug|Any CPU
		{25439980-50D6-4BAA-8C16-2315992955E3}.Debug|x64.ActiveCfg = Debug|Any CPU
		{25439980-50D6-4BAA-8C16-2315992955E3}.Debug|x64.Build.0 = Debug|Any CPU
		{25439980-50D6-4BAA-8C16-2315992955E3}.Debug|x86.ActiveCfg = Debug|Any CPU
		{25439980-50D6-4BAA-8C16-2315992955E3}.Debug|x86.Build.0 = Debug|Any CPU
		{25439980-50D6-4BAA-8C16-2315992955E3}.Release|Any CPU.ActiveCfg = Release|Any CPU
		{25439980-50D6-4BAA-8C16-2315992955E3}.Release|Any CPU.Build.0 = Release|Any CPU
		{25439980-50D6-4BAA-8C16-2315992955E3}.Release|x64.ActiveCfg = Release|Any CPU
		{25439980-50D6-4BAA-8C16-2315992955E3}.Release|x64.Build.0 = Release|Any CPU
		{25439980-50D6-4BAA-8C16-2315992955E3}.Release|x86.ActiveCfg = Release|Any CPU
		{25439980-50D6-4BAA-8C16-2315992955E3}.Release|x86.Build.0 = Release|Any CPU
		{100E7656-4BFA-416A-B09B-20E6423481CA}.Debug|Any CPU.ActiveCfg = Debug|Any CPU
		{100E7656-4BFA-416A-B09B-20E6423481CA}.Debug|Any CPU.Build.0 = Debug|Any CPU
		{100E7656-4BFA-416A-B09B-20E6423481CA}.Debug|x64.ActiveCfg = Debug|Any CPU
		{100E7656-4BFA-416A-B09B-20E6423481CA}.Debug|x64.Build.0 = Debug|Any CPU
		{100E7656-4BFA-416A-B09B-20E6423481CA}.Debug|x86.ActiveCfg = Debug|Any CPU
		{100E7656-4BFA-416A-B09B-20E6423481CA}.Debug|x86.Build.0 = Debug|Any CPU
		{100E7656-4BFA-416A-B09B-20E6423481CA}.Release|Any CPU.ActiveCfg = Release|Any CPU
		{100E7656-4BFA-416A-B09B-20E6423481CA}.Release|Any CPU.Build.0 = Release|Any CPU
		{100E7656-4BFA-416A-B09B-20E6423481CA}.Release|x64.ActiveCfg = Release|Any CPU
		{100E7656-4BFA-416A-B09B-20E6423481CA}.Release|x64.Build.0 = Release|Any CPU
		{100E7656-4BFA-416A-B09B-20E6423481CA}.Release|x86.ActiveCfg = Release|Any CPU
		{100E7656-4BFA-416A-B09B-20E6423481CA}.Release|x86.Build.0 = Release|Any CPU
		{C12E1A3D-302A-4DDC-8511-976ABED4057A}.Debug|Any CPU.ActiveCfg = Debug|Any CPU
		{C12E1A3D-302A-4DDC-8511-976ABED4057A}.Debug|Any CPU.Build.0 = Debug|Any CPU
		{C12E1A3D-302A-4DDC-8511-976ABED4057A}.Debug|x64.ActiveCfg = Debug|Any CPU
		{C12E1A3D-302A-4DDC-8511-976ABED4057A}.Debug|x64.Build.0 = Debug|Any CPU
		{C12E1A3D-302A-4DDC-8511-976ABED4057A}.Debug|x86.ActiveCfg = Debug|Any CPU
		{C12E1A3D-302A-4DDC-8511-976ABED4057A}.Debug|x86.Build.0 = Debug|Any CPU
		{C12E1A3D-302A-4DDC-8511-976ABED4057A}.Release|Any CPU.ActiveCfg = Release|Any CPU
		{C12E1A3D-302A-4DDC-8511-976ABED4057A}.Release|Any CPU.Build.0 = Release|Any CPU
		{C12E1A3D-302A-4DDC-8511-976ABED4057A}.Release|x64.ActiveCfg = Release|Any CPU
		{C12E1A3D-302A-4DDC-8511-976ABED4057A}.Release|x64.Build.0 = Release|Any CPU
		{C12E1A3D-302A-4DDC-8511-976ABED4057A}.Release|x86.ActiveCfg = Release|Any CPU
		{C12E1A3D-302A-4DDC-8511-976ABED4057A}.Release|x86.Build.0 = Release|Any CPU
		{7CAA4186-8E68-416C-8BD6-BC3A60144D12}.Debug|Any CPU.ActiveCfg = Debug|Any CPU
		{7CAA4186-8E68-416C-8BD6-BC3A60144D12}.Debug|Any CPU.Build.0 = Debug|Any CPU
		{7CAA4186-8E68-416C-8BD6-BC3A60144D12}.Debug|x64.ActiveCfg = Debug|Any CPU
		{7CAA4186-8E68-416C-8BD6-BC3A60144D12}.Debug|x64.Build.0 = Debug|Any CPU
		{7CAA4186-8E68-416C-8BD6-BC3A60144D12}.Debug|x86.ActiveCfg = Debug|Any CPU
		{7CAA4186-8E68-416C-8BD6-BC3A60144D12}.Debug|x86.Build.0 = Debug|Any CPU
		{7CAA4186-8E68-416C-8BD6-BC3A60144D12}.Release|Any CPU.ActiveCfg = Release|Any CPU
		{7CAA4186-8E68-416C-8BD6-BC3A60144D12}.Release|Any CPU.Build.0 = Release|Any CPU
		{7CAA4186-8E68-416C-8BD6-BC3A60144D12}.Release|x64.ActiveCfg = Release|Any CPU
		{7CAA4186-8E68-416C-8BD6-BC3A60144D12}.Release|x64.Build.0 = Release|Any CPU
		{7CAA4186-8E68-416C-8BD6-BC3A60144D12}.Release|x86.ActiveCfg = Release|Any CPU
		{7CAA4186-8E68-416C-8BD6-BC3A60144D12}.Release|x86.Build.0 = Release|Any CPU
	EndGlobalSection
	GlobalSection(SolutionProperties) = preSolution
		HideSolutionNode = FALSE
	EndGlobalSection
	GlobalSection(ExtensibilityGlobals) = postSolution
		SolutionGuid = {D5FDAA12-7035-492E-B7DE-C61417F98332}
	EndGlobalSection
EndGlobal
